// !$*UTF8*$!
{
	archiveVersion = 1;
	classes = {
	};
	objectVersion = 56;
	objects = {

/* Begin PBXBuildFile section */
		EA1E19F32987E36400D3C6F4 /* Task.swift in Sources */ = {isa = PBXBuildFile; fileRef = EA1E19F22987E36300D3C6F4 /* Task.swift */; };
		EA1E19F52987E41A00D3C6F4 /* TaskCategory.swift in Sources */ = {isa = PBXBuildFile; fileRef = EA1E19F42987E41A00D3C6F4 /* TaskCategory.swift */; };
		EA1E19F72987ECA900D3C6F4 /* AddTaskView.swift in Sources */ = {isa = PBXBuildFile; fileRef = EA1E19F62987ECA900D3C6F4 /* AddTaskView.swift */; };
		EA5DE4582983D36400790799 /* Task_ManagementApp.swift in Sources */ = {isa = PBXBuildFile; fileRef = EA5DE4572983D36400790799 /* Task_ManagementApp.swift */; };
		EA5DE45A2983D36400790799 /* ContentView.swift in Sources */ = {isa = PBXBuildFile; fileRef = EA5DE4592983D36400790799 /* ContentView.swift */; };
		EA5DE45C2983D36600790799 /* Assets.xcassets in Resources */ = {isa = PBXBuildFile; fileRef = EA5DE45B2983D36600790799 /* Assets.xcassets */; };
		EA5DE45F2983D36600790799 /* Preview Assets.xcassets in Resources */ = {isa = PBXBuildFile; fileRef = EA5DE45E2983D36600790799 /* Preview Assets.xcassets */; };
		EA5DE46C2983D5F400790799 /* Ubuntu-Medium.ttf in Resources */ = {isa = PBXBuildFile; fileRef = EA5DE4682983D5F400790799 /* Ubuntu-Medium.ttf */; };
		EA5DE46D2983D5F400790799 /* Ubuntu-Light.ttf in Resources */ = {isa = PBXBuildFile; fileRef = EA5DE4692983D5F400790799 /* Ubuntu-Light.ttf */; };
		EA5DE46E2983D5F400790799 /* Ubuntu-Regular.ttf in Resources */ = {isa = PBXBuildFile; fileRef = EA5DE46A2983D5F400790799 /* Ubuntu-Regular.ttf */; };
		EA5DE46F2983D5F400790799 /* Ubuntu-Bold.ttf in Resources */ = {isa = PBXBuildFile; fileRef = EA5DE46B2983D5F400790799 /* Ubuntu-Bold.ttf */; };
		EA5DE4722983D6DC00790799 /* Home.swift in Sources */ = {isa = PBXBuildFile; fileRef = EA5DE4712983D6DC00790799 /* Home.swift */; };
		EA5DE4742985509000790799 /* Ubunut.swift in Sources */ = {isa = PBXBuildFile; fileRef = EA5DE4732985509000790799 /* Ubunut.swift */; };
		EA76EEE029890DB3004B3CEA /* Extension+Date.swift in Sources */ = {isa = PBXBuildFile; fileRef = EA76EEDF29890DB3004B3CEA /* Extension+Date.swift */; };
		EA76EEE229890DD2004B3CEA /* Extension+View.swift in Sources */ = {isa = PBXBuildFile; fileRef = EA76EEE129890DD2004B3CEA /* Extension+View.swift */; };
		EA76EEE429890DE4004B3CEA /* Extension+Calendar.swift in Sources */ = {isa = PBXBuildFile; fileRef = EA76EEE329890DE4004B3CEA /* Extension+Calendar.swift */; };
		EA76EEE729890E80004B3CEA /* HomeViewModel.swift in Sources */ = {isa = PBXBuildFile; fileRef = EA76EEE629890E80004B3CEA /* HomeViewModel.swift */; };
/* End PBXBuildFile section */

/* Begin PBXFileReference section */
		EA1E19F22987E36300D3C6F4 /* Task.swift */ = {isa = PBXFileReference; lastKnownFileType = sourcecode.swift; path = Task.swift; sourceTree = "<group>"; };
		EA1E19F42987E41A00D3C6F4 /* TaskCategory.swift */ = {isa = PBXFileReference; lastKnownFileType = sourcecode.swift; path = TaskCategory.swift; sourceTree = "<group>"; };
		EA1E19F62987ECA900D3C6F4 /* AddTaskView.swift */ = {isa = PBXFileReference; lastKnownFileType = sourcecode.swift; path = AddTaskView.swift; sourceTree = "<group>"; };
		EA5DE4542983D36400790799 /* Task Management.app */ = {isa = PBXFileReference; explicitFileType = wrapper.application; includeInIndex = 0; path = "Task Management.app"; sourceTree = BUILT_PRODUCTS_DIR; };
		EA5DE4572983D36400790799 /* Task_ManagementApp.swift */ = {isa = PBXFileReference; lastKnownFileType = sourcecode.swift; path = Task_ManagementApp.swift; sourceTree = "<group>"; };
		EA5DE4592983D36400790799 /* ContentView.swift */ = {isa = PBXFileReference; lastKnownFileType = sourcecode.swift; path = ContentView.swift; sourceTree = "<group>"; };
		EA5DE45B2983D36600790799 /* Assets.xcassets */ = {isa = PBXFileReference; lastKnownFileType = folder.assetcatalog; path = Assets.xcassets; sourceTree = "<group>"; };
		EA5DE45E2983D36600790799 /* Preview Assets.xcassets */ = {isa = PBXFileReference; lastKnownFileType = folder.assetcatalog; path = "Preview Assets.xcassets"; sourceTree = "<group>"; };
		EA5DE4682983D5F400790799 /* Ubuntu-Medium.ttf */ = {isa = PBXFileReference; lastKnownFileType = file; path = "Ubuntu-Medium.ttf"; sourceTree = "<group>"; };
		EA5DE4692983D5F400790799 /* Ubuntu-Light.ttf */ = {isa = PBXFileReference; lastKnownFileType = file; path = "Ubuntu-Light.ttf"; sourceTree = "<group>"; };
		EA5DE46A2983D5F400790799 /* Ubuntu-Regular.ttf */ = {isa = PBXFileReference; lastKnownFileType = file; path = "Ubuntu-Regular.ttf"; sourceTree = "<group>"; };
		EA5DE46B2983D5F400790799 /* Ubuntu-Bold.ttf */ = {isa = PBXFileReference; lastKnownFileType = file; path = "Ubuntu-Bold.ttf"; sourceTree = "<group>"; };
		EA5DE4702983D65000790799 /* Task-Management-Info.plist */ = {isa = PBXFileReference; lastKnownFileType = text.plist; path = "Task-Management-Info.plist"; sourceTree = SOURCE_ROOT; };
		EA5DE4712983D6DC00790799 /* Home.swift */ = {isa = PBXFileReference; lastKnownFileType = sourcecode.swift; path = Home.swift; sourceTree = "<group>"; };
		EA5DE4732985509000790799 /* Ubunut.swift */ = {isa = PBXFileReference; lastKnownFileType = sourcecode.swift; path = Ubunut.swift; sourceTree = "<group>"; };
		EA76EEDF29890DB3004B3CEA /* Extension+Date.swift */ = {isa = PBXFileReference; lastKnownFileType = sourcecode.swift; path = "Extension+Date.swift"; sourceTree = "<group>"; };
		EA76EEE129890DD2004B3CEA /* Extension+View.swift */ = {isa = PBXFileReference; lastKnownFileType = sourcecode.swift; path = "Extension+View.swift"; sourceTree = "<group>"; };
		EA76EEE329890DE4004B3CEA /* Extension+Calendar.swift */ = {isa = PBXFileReference; lastKnownFileType = sourcecode.swift; path = "Extension+Calendar.swift"; sourceTree = "<group>"; };
		EA76EEE629890E80004B3CEA /* HomeViewModel.swift */ = {isa = PBXFileReference; lastKnownFileType = sourcecode.swift; path = HomeViewModel.swift; sourceTree = "<group>"; };
/* End PBXFileReference section */

/* Begin PBXFrameworksBuildPhase section */
		EA5DE4512983D36400790799 /* Frameworks */ = {
			isa = PBXFrameworksBuildPhase;
			buildActionMask = 2147483647;
			files = (
			);
			runOnlyForDeploymentPostprocessing = 0;
		};
/* End PBXFrameworksBuildPhase section */

/* Begin PBXGroup section */
		EA5DE44B2983D36400790799 = {
			isa = PBXGroup;
			children = (
				EA5DE4562983D36400790799 /* Task Management */,
				EA5DE4552983D36400790799 /* Products */,
			);
			sourceTree = "<group>";
		};
		EA5DE4552983D36400790799 /* Products */ = {
			isa = PBXGroup;
			children = (
				EA5DE4542983D36400790799 /* Task Management.app */,
			);
			name = Products;
			sourceTree = "<group>";
		};
		EA5DE4562983D36400790799 /* Task Management */ = {
			isa = PBXGroup;
			children = (
				EA5DE4702983D65000790799 /* Task-Management-Info.plist */,
				EA76EEDE29890D91004B3CEA /* Extensions */,
				EA5DE4672983D57400790799 /* Model */,
				EA76EEE529890E71004B3CEA /* ViewModel */,
				EA5DE4662983D4BF00790799 /* View */,
				EA5DE4652983D4AC00790799 /* Fonts */,
				EA5DE4572983D36400790799 /* Task_ManagementApp.swift */,
				EA5DE4592983D36400790799 /* ContentView.swift */,
				EA5DE45B2983D36600790799 /* Assets.xcassets */,
				EA5DE45D2983D36600790799 /* Preview Content */,
			);
			path = "Task Management";
			sourceTree = "<group>";
		};
		EA5DE45D2983D36600790799 /* Preview Content */ = {
			isa = PBXGroup;
			children = (
				EA5DE45E2983D36600790799 /* Preview Assets.xcassets */,
			);
			path = "Preview Content";
			sourceTree = "<group>";
		};
		EA5DE4652983D4AC00790799 /* Fonts */ = {
			isa = PBXGroup;
			children = (
				EA5DE46B2983D5F400790799 /* Ubuntu-Bold.ttf */,
				EA5DE4692983D5F400790799 /* Ubuntu-Light.ttf */,
				EA5DE4682983D5F400790799 /* Ubuntu-Medium.ttf */,
				EA5DE46A2983D5F400790799 /* Ubuntu-Regular.ttf */,
			);
			path = Fonts;
			sourceTree = "<group>";
		};
		EA5DE4662983D4BF00790799 /* View */ = {
			isa = PBXGroup;
			children = (
				EA5DE4712983D6DC00790799 /* Home.swift */,
				EA1E19F62987ECA900D3C6F4 /* AddTaskView.swift */,
			);
			path = View;
			sourceTree = "<group>";
		};
		EA5DE4672983D57400790799 /* Model */ = {
			isa = PBXGroup;
			children = (
				EA5DE4732985509000790799 /* Ubunut.swift */,
				EA1E19F22987E36300D3C6F4 /* Task.swift */,
				EA1E19F42987E41A00D3C6F4 /* TaskCategory.swift */,
			);
			path = Model;
			sourceTree = "<group>";
		};
		EA76EEDE29890D91004B3CEA /* Extensions */ = {
			isa = PBXGroup;
			children = (
				EA76EEDF29890DB3004B3CEA /* Extension+Date.swift */,
				EA76EEE129890DD2004B3CEA /* Extension+View.swift */,
				EA76EEE329890DE4004B3CEA /* Extension+Calendar.swift */,
			);
			path = Extensions;
			sourceTree = "<group>";
		};
		EA76EEE529890E71004B3CEA /* ViewModel */ = {
			isa = PBXGroup;
			children = (
				EA76EEE629890E80004B3CEA /* HomeViewModel.swift */,
			);
			path = ViewModel;
			sourceTree = "<group>";
		};
/* End PBXGroup section */

/* Begin PBXNativeTarget section */
		EA5DE4532983D36400790799 /* Task Management */ = {
			isa = PBXNativeTarget;
			buildConfigurationList = EA5DE4622983D36600790799 /* Build configuration list for PBXNativeTarget "Task Management" */;
			buildPhases = (
				EA5DE4502983D36400790799 /* Sources */,
				EA5DE4512983D36400790799 /* Frameworks */,
				EA5DE4522983D36400790799 /* Resources */,
			);
			buildRules = (
			);
			dependencies = (
			);
			name = "Task Management";
			productName = "Task Management";
			productReference = EA5DE4542983D36400790799 /* Task Management.app */;
			productType = "com.apple.product-type.application";
		};
/* End PBXNativeTarget section */

/* Begin PBXProject section */
		EA5DE44C2983D36400790799 /* Project object */ = {
			isa = PBXProject;
			attributes = {
				BuildIndependentTargetsInParallel = 1;
				LastSwiftUpdateCheck = 1420;
				LastUpgradeCheck = 1420;
				TargetAttributes = {
					EA5DE4532983D36400790799 = {
						CreatedOnToolsVersion = 14.2;
					};
				};
			};
			buildConfigurationList = EA5DE44F2983D36400790799 /* Build configuration list for PBXProject "Task Management" */;
			compatibilityVersion = "Xcode 14.0";
			developmentRegion = en;
			hasScannedForEncodings = 0;
			knownRegions = (
				en,
				Base,
			);
			mainGroup = EA5DE44B2983D36400790799;
			productRefGroup = EA5DE4552983D36400790799 /* Products */;
			projectDirPath = "";
			projectRoot = "";
			targets = (
				EA5DE4532983D36400790799 /* Task Management */,
			);
		};
/* End PBXProject section */

/* Begin PBXResourcesBuildPhase section */
		EA5DE4522983D36400790799 /* Resources */ = {
			isa = PBXResourcesBuildPhase;
			buildActionMask = 2147483647;
			files = (
				EA5DE46C2983D5F400790799 /* Ubuntu-Medium.ttf in Resources */,
				EA5DE46D2983D5F400790799 /* Ubuntu-Light.ttf in Resources */,
				EA5DE46E2983D5F400790799 /* Ubuntu-Regular.ttf in Resources */,
				EA5DE46F2983D5F400790799 /* Ubuntu-Bold.ttf in Resources */,
				EA5DE45F2983D36600790799 /* Preview Assets.xcassets in Resources */,
				EA5DE45C2983D36600790799 /* Assets.xcassets in Resources */,
			);
			runOnlyForDeploymentPostprocessing = 0;
		};
/* End PBXResourcesBuildPhase section */

/* Begin PBXSourcesBuildPhase section */
		EA5DE4502983D36400790799 /* Sources */ = {
			isa = PBXSourcesBuildPhase;
			buildActionMask = 2147483647;
			files = (
				EA1E19F52987E41A00D3C6F4 /* TaskCategory.swift in Sources */,
				EA76EEE729890E80004B3CEA /* HomeViewModel.swift in Sources */,
				EA76EEE229890DD2004B3CEA /* Extension+View.swift in Sources */,
				EA1E19F72987ECA900D3C6F4 /* AddTaskView.swift in Sources */,
				EA5DE45A2983D36400790799 /* ContentView.swift in Sources */,
				EA5DE4722983D6DC00790799 /* Home.swift in Sources */,
				EA76EEE429890DE4004B3CEA /* Extension+Calendar.swift in Sources */,
				EA1E19F32987E36400D3C6F4 /* Task.swift in Sources */,
				EA76EEE029890DB3004B3CEA /* Extension+Date.swift in Sources */,
				EA5DE4742985509000790799 /* Ubunut.swift in Sources */,
				EA5DE4582983D36400790799 /* Task_ManagementApp.swift in Sources */,
			);
			runOnlyForDeploymentPostprocessing = 0;
		};
/* End PBXSourcesBuildPhase section */

/* Begin XCBuildConfiguration section */
		EA5DE4602983D36600790799 /* Debug */ = {
			isa = XCBuildConfiguration;
			buildSettings = {
				ALWAYS_SEARCH_USER_PATHS = NO;
				CLANG_ANALYZER_NONNULL = YES;
				CLANG_ANALYZER_NUMBER_OBJECT_CONVERSION = YES_AGGRESSIVE;
				CLANG_CXX_LANGUAGE_STANDARD = "gnu++20";
				CLANG_ENABLE_MODULES = YES;
				CLANG_ENABLE_OBJC_ARC = YES;
				CLANG_ENABLE_OBJC_WEAK = YES;
				CLANG_WARN_BLOCK_CAPTURE_AUTORELEASING = YES;
				CLANG_WARN_BOOL_CONVERSION = YES;
				CLANG_WARN_COMMA = YES;
				CLANG_WARN_CONSTANT_CONVERSION = YES;
				CLANG_WARN_DEPRECATED_OBJC_IMPLEMENTATIONS = YES;
				CLANG_WARN_DIRECT_OBJC_ISA_USAGE = YES_ERROR;
				CLANG_WARN_DOCUMENTATION_COMMENTS = YES;
				CLANG_WARN_EMPTY_BODY = YES;
				CLANG_WARN_ENUM_CONVERSION = YES;
				CLANG_WARN_INFINITE_RECURSION = YES;
				CLANG_WARN_INT_CONVERSION = YES;
				CLANG_WARN_NON_LITERAL_NULL_CONVERSION = YES;
				CLANG_WARN_OBJC_IMPLICIT_RETAIN_SELF = YES;
				CLANG_WARN_OBJC_LITERAL_CONVERSION = YES;
				CLANG_WARN_OBJC_ROOT_CLASS = YES_ERROR;
				CLANG_WARN_QUOTED_INCLUDE_IN_FRAMEWORK_HEADER = YES;
				CLANG_WARN_RANGE_LOOP_ANALYSIS = YES;
				CLANG_WARN_STRICT_PROTOTYPES = YES;
				CLANG_WARN_SUSPICIOUS_MOVE = YES;
				CLANG_WARN_UNGUARDED_AVAILABILITY = YES_AGGRESSIVE;
				CLANG_WARN_UNREACHABLE_CODE = YES;
				CLANG_WARN__DUPLICATE_METHOD_MATCH = YES;
				COPY_PHASE_STRIP = NO;
				DEBUG_INFORMATION_FORMAT = dwarf;
				ENABLE_STRICT_OBJC_MSGSEND = YES;
				ENABLE_TESTABILITY = YES;
				GCC_C_LANGUAGE_STANDARD = gnu11;
				GCC_DYNAMIC_NO_PIC = NO;
				GCC_NO_COMMON_BLOCKS = YES;
				GCC_OPTIMIZATION_LEVEL = 0;
				GCC_PREPROCESSOR_DEFINITIONS = (
					"DEBUG=1",
					"$(inherited)",
				);
				GCC_WARN_64_TO_32_BIT_CONVERSION = YES;
				GCC_WARN_ABOUT_RETURN_TYPE = YES_ERROR;
				GCC_WARN_UNDECLARED_SELECTOR = YES;
				GCC_WARN_UNINITIALIZED_AUTOS = YES_AGGRESSIVE;
				GCC_WARN_UNUSED_FUNCTION = YES;
				GCC_WARN_UNUSED_VARIABLE = YES;
				IPHONEOS_DEPLOYMENT_TARGET = 16.2;
				MTL_ENABLE_DEBUG_INFO = INCLUDE_SOURCE;
				MTL_FAST_MATH = YES;
				ONLY_ACTIVE_ARCH = YES;
				SDKROOT = iphoneos;
				SWIFT_ACTIVE_COMPILATION_CONDITIONS = DEBUG;
				SWIFT_OPTIMIZATION_LEVEL = "-Onone";
			};
			name = Debug;
		};
		EA5DE4612983D36600790799 /* Release */ = {
			isa = XCBuildConfiguration;
			buildSettings = {
				ALWAYS_SEARCH_USER_PATHS = NO;
				CLANG_ANALYZER_NONNULL = YES;
				CLANG_ANALYZER_NUMBER_OBJECT_CONVERSION = YES_AGGRESSIVE;
				CLANG_CXX_LANGUAGE_STANDARD = "gnu++20";
				CLANG_ENABLE_MODULES = YES;
				CLANG_ENABLE_OBJC_ARC = YES;
				CLANG_ENABLE_OBJC_WEAK = YES;
				CLANG_WARN_BLOCK_CAPTURE_AUTORELEASING = YES;
				CLANG_WARN_BOOL_CONVERSION = YES;
				CLANG_WARN_COMMA = YES;
				CLANG_WARN_CONSTANT_CONVERSION = YES;
				CLANG_WARN_DEPRECATED_OBJC_IMPLEMENTATIONS = YES;
				CLANG_WARN_DIRECT_OBJC_ISA_USAGE = YES_ERROR;
				CLANG_WARN_DOCUMENTATION_COMMENTS = YES;
				CLANG_WARN_EMPTY_BODY = YES;
				CLANG_WARN_ENUM_CONVERSION = YES;
				CLANG_WARN_INFINITE_RECURSION = YES;
				CLANG_WARN_INT_CONVERSION = YES;
				CLANG_WARN_NON_LITERAL_NULL_CONVERSION = YES;
				CLANG_WARN_OBJC_IMPLICIT_RETAIN_SELF = YES;
				CLANG_WARN_OBJC_LITERAL_CONVERSION = YES;
				CLANG_WARN_OBJC_ROOT_CLASS = YES_ERROR;
				CLANG_WARN_QUOTED_INCLUDE_IN_FRAMEWORK_HEADER = YES;
				CLANG_WARN_RANGE_LOOP_ANALYSIS = YES;
				CLANG_WARN_STRICT_PROTOTYPES = YES;
				CLANG_WARN_SUSPICIOUS_MOVE = YES;
				CLANG_WARN_UNGUARDED_AVAILABILITY = YES_AGGRESSIVE;
				CLANG_WARN_UNREACHABLE_CODE = YES;
				CLANG_WARN__DUPLICATE_METHOD_MATCH = YES;
				COPY_PHASE_STRIP = NO;
				DEBUG_INFORMATION_FORMAT = "dwarf-with-dsym";
				ENABLE_NS_ASSERTIONS = NO;
				ENABLE_STRICT_OBJC_MSGSEND = YES;
				GCC_C_LANGUAGE_STANDARD = gnu11;
				GCC_NO_COMMON_BLOCKS = YES;
				GCC_WARN_64_TO_32_BIT_CONVERSION = YES;
				GCC_WARN_ABOUT_RETURN_TYPE = YES_ERROR;
				GCC_WARN_UNDECLARED_SELECTOR = YES;
				GCC_WARN_UNINITIALIZED_AUTOS = YES_AGGRESSIVE;
				GCC_WARN_UNUSED_FUNCTION = YES;
				GCC_WARN_UNUSED_VARIABLE = YES;
				IPHONEOS_DEPLOYMENT_TARGET = 16.2;
				MTL_ENABLE_DEBUG_INFO = NO;
				MTL_FAST_MATH = YES;
				SDKROOT = iphoneos;
				SWIFT_COMPILATION_MODE = wholemodule;
				SWIFT_OPTIMIZATION_LEVEL = "-O";
				VALIDATE_PRODUCT = YES;
			};
			name = Release;
		};
		EA5DE4632983D36600790799 /* Debug */ = {
			isa = XCBuildConfiguration;
			buildSettings = {
				ASSETCATALOG_COMPILER_APPICON_NAME = AppIcon;
				ASSETCATALOG_COMPILER_GLOBAL_ACCENT_COLOR_NAME = AccentColor;
				CODE_SIGN_STYLE = Automatic;
				CURRENT_PROJECT_VERSION = 1;
				DEVELOPMENT_ASSET_PATHS = "\"Task Management/Preview Content\"";
				DEVELOPMENT_TEAM = "";
				ENABLE_PREVIEWS = YES;
				GENERATE_INFOPLIST_FILE = YES;
				INFOPLIST_FILE = "Task-Management-Info.plist";
				INFOPLIST_KEY_UIApplicationSceneManifest_Generation = YES;
				INFOPLIST_KEY_UIApplicationSupportsIndirectInputEvents = YES;
				INFOPLIST_KEY_UILaunchScreen_Generation = YES;
				INFOPLIST_KEY_UISupportedInterfaceOrientations_iPad = "UIInterfaceOrientationPortrait UIInterfaceOrientationPortraitUpsideDown UIInterfaceOrientationLandscapeLeft UIInterfaceOrientationLandscapeRight";
				INFOPLIST_KEY_UISupportedInterfaceOrientations_iPhone = "UIInterfaceOrientationPortrait UIInterfaceOrientationLandscapeLeft UIInterfaceOrientationLandscapeRight";
				IPHONEOS_DEPLOYMENT_TARGET = 16.0;
				LD_RUNPATH_SEARCH_PATHS = (
					"$(inherited)",
					"@executable_path/Frameworks",
				);
				MARKETING_VERSION = 1.0;
				PRODUCT_BUNDLE_IDENTIFIER = "khaled2024.Task-Management";
				PRODUCT_NAME = "$(TARGET_NAME)";
				SWIFT_EMIT_LOC_STRINGS = YES;
				SWIFT_VERSION = 5.0;
				TARGETED_DEVICE_FAMILY = "1,2";
			};
			name = Debug;
		};
		EA5DE4642983D36600790799 /* Release */ = {
			isa = XCBuildConfiguration;
			buildSettings = {
				ASSETCATALOG_COMPILER_APPICON_NAME = AppIcon;
				ASSETCATALOG_COMPILER_GLOBAL_ACCENT_COLOR_NAME = AccentColor;
				CODE_SIGN_STYLE = Automatic;
				CURRENT_PROJECT_VERSION = 1;
				DEVELOPMENT_ASSET_PATHS = "\"Task Management/Preview Content\"";
				DEVELOPMENT_TEAM = "";
				ENABLE_PREVIEWS = YES;
				GENERATE_INFOPLIST_FILE = YES;
				INFOPLIST_FILE = "Task-Management-Info.plist";
				INFOPLIST_KEY_UIApplicationSceneManifest_Generation = YES;
				INFOPLIST_KEY_UIApplicationSupportsIndirectInputEvents = YES;
				INFOPLIST_KEY_UILaunchScreen_Generation = YES;
				INFOPLIST_KEY_UISupportedInterfaceOrientations_iPad = "UIInterfaceOrientationPortrait UIInterfaceOrientationPortraitUpsideDown UIInterfaceOrientationLandscapeLeft UIInterfaceOrientationLandscapeRight";
				INFOPLIST_KEY_UISupportedInterfaceOrientations_iPhone = "UIInterfaceOrientationPortrait UIInterfaceOrientationLandscapeLeft UIInterfaceOrientationLandscapeRight";
				IPHONEOS_DEPLOYMENT_TARGET = 16.0;
				LD_RUNPATH_SEARCH_PATHS = (
					"$(inherited)",
					"@executable_path/Frameworks",
				);
				MARKETING_VERSION = 1.0;
				PRODUCT_BUNDLE_IDENTIFIER = "khaled2024.Task-Management";
				PRODUCT_NAME = "$(TARGET_NAME)";
				SWIFT_EMIT_LOC_STRINGS = YES;
				SWIFT_VERSION = 5.0;
				TARGETED_DEVICE_FAMILY = "1,2";
			};
			name = Release;
		};
/* End XCBuildConfiguration section */

/* Begin XCConfigurationList section */
		EA5DE44F2983D36400790799 /* Build configuration list for PBXProject "Task Management" */ = {
			isa = XCConfigurationList;
			buildConfigurations = (
				EA5DE4602983D36600790799 /* Debug */,
				EA5DE4612983D36600790799 /* Release */,
			);
			defaultConfigurationIsVisible = 0;
			defaultConfigurationName = Release;
		};
		EA5DE4622983D36600790799 /* Build configuration list for PBXNativeTarget "Task Management" */ = {
			isa = XCConfigurationList;
			buildConfigurations = (
				EA5DE4632983D36600790799 /* Debug */,
				EA5DE4642983D36600790799 /* Release */,
			);
			defaultConfigurationIsVisible = 0;
			defaultConfigurationName = Release;
		};
/* End XCConfigurationList section */
	};
	rootObject = EA5DE44C2983D36400790799 /* Project object */;
}
